
Microsoft Visual Studio Solution File, Format Version 12.00
# Visual Studio Version 17
VisualStudioVersion = 17.7.34202.233
MinimumVisualStudioVersion = 10.0.40219.1
Project("{9A19103F-16F7-4668-BE54-9A1E7A4F7556}") = "Domain", "Domain\Domain.csproj", "{F2A2DC07-36D3-4B04-B640-37F5207EE93E}"
EndProject
Project("{9A19103F-16F7-4668-BE54-9A1E7A4F7556}") = "Application", "Application\Application.csproj", "{BE2EFBC5-70DB-4CF8-B71B-BF1FDC5E899D}"
EndProject
Project("{9A19103F-16F7-4668-BE54-9A1E7A4F7556}") = "Infrastructure", "Infrastructure\Infrastructure.csproj", "{E5DEE679-5C4F-4F17-A0BC-6A8C2D8534A5}"
EndProject
Project("{9A19103F-16F7-4668-BE54-9A1E7A4F7556}") = "Web_API", "Web_API\Web_API.csproj", "{4C18996C-C511-4B48-8E1C-4593B124E9AE}"
EndProject
Global
	GlobalSection(SolutionConfigurationPlatforms) = preSolution
		Debug|Any CPU = Debug|Any CPU
		Release|Any CPU = Release|Any CPU
	EndGlobalSection
	GlobalSection(ProjectConfigurationPlatforms) = postSolution
		{F2A2DC07-36D3-4B04-B640-37F5207EE93E}.Debug|Any CPU.ActiveCfg = Debug|Any CPU
		{F2A2DC07-36D3-4B04-B640-37F5207EE93E}.Debug|Any CPU.Build.0 = Debug|Any CPU
		{F2A2DC07-36D3-4B04-B640-37F5207EE93E}.Release|Any CPU.ActiveCfg = Release|Any CPU
		{F2A2DC07-36D3-4B04-B640-37F5207EE93E}.Release|Any CPU.Build.0 = Release|Any CPU
		{BE2EFBC5-70DB-4CF8-B71B-BF1FDC5E899D}.Debug|Any CPU.ActiveCfg = Debug|Any CPU
		{BE2EFBC5-70DB-4CF8-B71B-BF1FDC5E899D}.Debug|Any CPU.Build.0 = Debug|Any CPU
		{BE2EFBC5-70DB-4CF8-B71B-BF1FDC5E899D}.Release|Any CPU.ActiveCfg = Release|Any CPU
		{BE2EFBC5-70DB-4CF8-B71B-BF1FDC5E899D}.Release|Any CPU.Build.0 = Release|Any CPU
		{E5DEE679-5C4F-4F17-A0BC-6A8C2D8534A5}.Debug|Any CPU.ActiveCfg = Debug|Any CPU
		{E5DEE679-5C4F-4F17-A0BC-6A8C2D8534A5}.Debug|Any CPU.Build.0 = Debug|Any CPU
		{E5DEE679-5C4F-4F17-A0BC-6A8C2D8534A5}.Release|Any CPU.ActiveCfg = Release|Any CPU
		{E5DEE679-5C4F-4F17-A0BC-6A8C2D8534A5}.Release|Any CPU.Build.0 = Release|Any CPU
		{4C18996C-C511-4B48-8E1C-4593B124E9AE}.Debug|Any CPU.ActiveCfg = Debug|Any CPU
		{4C18996C-C511-4B48-8E1C-4593B124E9AE}.Debug|Any CPU.Build.0 = Debug|Any CPU
		{4C18996C-C511-4B48-8E1C-4593B124E9AE}.Release|Any CPU.ActiveCfg = Release|Any CPU
		{4C18996C-C511-4B48-8E1C-4593B124E9AE}.Release|Any CPU.Build.0 = Release|Any CPU
	EndGlobalSection
	GlobalSection(SolutionProperties) = preSolution
		HideSolutionNode = FALSE
	EndGlobalSection
	GlobalSection(ExtensibilityGlobals) = postSolution
		SolutionGuid = {D9875149-1FBA-4DC8-A0C6-87A0C423ED43}
	EndGlobalSection
EndGlobal
